{
  "nodes": {
    "adidoks": {
      "flake": false,
      "locked": {
        "lastModified": 1692441472,
        "narHash": "sha256-kvVEPN5nkixr0a82PJmeKHdXAldQ54ALX06juyh2McQ=",
        "owner": "ES-Alexander",
        "repo": "adidoks",
        "rev": "602b99430704215a7928991f5c9c8a540bf74336",
        "type": "github"
      },
      "original": {
        "owner": "ES-Alexander",
        "repo": "adidoks",
        "type": "github"
      }
    },
    "crane": {
      "locked": {
        "lastModified": 1773857772,
        "narHash": "sha256-5xsK26KRHf0WytBtsBnQYC/lTWDhQuT57HJ7SzuqZcM=",
        "owner": "ipetkov",
        "repo": "crane",
        "rev": "b556d7bbae5ff86e378451511873dfd07e4504cd",
        "type": "github"
      },
      "original": {
        "owner": "ipetkov",
        "repo": "crane",
        "type": "github"
      }
    },
    "flake-compat": {
      "flake": false,
      "locked": {
        "lastModified": 1733328505,
        "narHash": "sha256-NeCCThCEP3eCl2l/+27kNNK7QrwZB1IJCrXfrbv5oqU=",
        "owner": "edolstra",
        "repo": "flake-compat",
        "rev": "ff81ac966bb2cae68946d5ed5fc4994f96d0ffec",
        "type": "github"
      },
      "original": {
        "owner": "edolstra",
        "repo": "flake-compat",
        "type": "github"
      }
    },
    "flake-utils": {
      "inputs": {
        "systems": "systems"
      },
      "locked": {
        "lastModified": 1731533236,
        "narHash": "sha256-l0KFg5HjrsfsO/JpG+r7fRrqm12kzFHyUHqHCVpMMbI=",
        "owner": "numtide",
        "repo": "flake-utils",
        "rev": "11707dc2f618dd54ca8739b309ec4fc024de578b",
        "type": "github"
      },
      "original": {
        "owner": "numtide",
        "repo": "flake-utils",
        "type": "github"
      }
    },
    "flake-utils_2": {
      "inputs": {
        "systems": "systems_2"
      },
      "locked": {
        "lastModified": 1731533236,
        "narHash": "sha256-l0KFg5HjrsfsO/JpG+r7fRrqm12kzFHyUHqHCVpMMbI=",
        "owner": "numtide",
        "repo": "flake-utils",
        "rev": "11707dc2f618dd54ca8739b309ec4fc024de578b",
        "type": "github"
      },
      "original": {
        "owner": "numtide",
        "repo": "flake-utils",
        "type": "github"
      }
    },
    "flake-utils_3": {
      "inputs": {
        "systems": "systems_3"
      },
      "locked": {
        "lastModified": 1731533236,
        "narHash": "sha256-l0KFg5HjrsfsO/JpG+r7fRrqm12kzFHyUHqHCVpMMbI=",
        "owner": "numtide",
        "repo": "flake-utils",
        "rev": "11707dc2f618dd54ca8739b309ec4fc024de578b",
        "type": "github"
      },
      "original": {
        "owner": "numtide",
        "repo": "flake-utils",
        "type": "github"
      }
    },
    "home-manager": {
      "inputs": {
        "nixpkgs": [
          "nixpkgs"
        ]
      },
      "locked": {
        "lastModified": 1776136611,
        "narHash": "sha256-b2pu3Pb28W0bJzQVP3OJHZC5+dgOOeqjlli2WVakKEU=",
        "owner": "nix-community",
        "repo": "home-manager",
        "rev": "8a423e444b17dde406097328604a64fc7429e34e",
        "type": "github"
      },
      "original": {
        "owner": "nix-community",
        "repo": "home-manager",
        "type": "github"
      }
    },
    "nix-appimage": {
      "inputs": {
        "flake-compat": "flake-compat",
        "flake-utils": "flake-utils",
        "nixpkgs": [
          "nixpkgs"
        ]
      },
      "locked": {
        "lastModified": 1757920913,
        "narHash": "sha256-jd0QwCVz4O1sHHkeaZILD/7D6oyalceEJ4EFnWCgm0k=",
        "owner": "ralismark",
        "repo": "nix-appimage",
        "rev": "7946addbc0d97e358a6d7aefe5e82310f0fe6b18",
        "type": "github"
      },
      "original": {
        "owner": "ralismark",
        "repo": "nix-appimage",
        "type": "github"
      }
    },
    "nixpkgs": {
      "locked": {
        "lastModified": 1773840656,
        "narHash": "sha256-9tpvMGFteZnd3gRQZFlRCohVpqooygFuy9yjuyRL2C0=",
        "owner": "NixOS",
        "repo": "nixpkgs",
        "rev": "9cf7092bdd603554bd8b63c216e8943cf9b12512",
        "type": "github"
      },
      "original": {
        "owner": "NixOS",
        "ref": "nixpkgs-unstable",
        "repo": "nixpkgs",
        "type": "github"
      }
    },
    "osxcross": {
      "inputs": {
        "flake-utils": "flake-utils_3",
        "nixpkgs": [
          "rs-harbor",
          "nixpkgs"
        ]
      },
      "locked": {
        "lastModified": 1770284927,
        "narHash": "sha256-KBc4mNcKHFTXpYD3m7SStygCMVxbPlmmlps4hs/RcE4=",
        "owner": "caniko",
        "repo": "osxcross",
        "rev": "dc11cbe0e40febe145e9935aac2b6632f2feefdf",
        "type": "github"
      },
      "original": {
        "owner": "caniko",
        "ref": "flake",
        "repo": "osxcross",
        "type": "github"
      }
    },
    "root": {
      "inputs": {
        "adidoks": "adidoks",
        "crane": [
          "rs-harbor",
          "crane"
        ],
        "flake-utils": [
          "rs-harbor",
          "flake-utils"
        ],
        "home-manager": "home-manager",
        "nix-appimage": "nix-appimage",
        "nixpkgs": [
          "rs-harbor",
          "nixpkgs"
        ],
        "rs-harbor": "rs-harbor",
        "rust-overlay": [
          "rs-harbor",
          "rust-overlay"
        ]
      }
    },
    "rs-harbor": {
      "inputs": {
        "crane": "crane",
        "flake-utils": "flake-utils_2",
        "nixpkgs": "nixpkgs",
        "osxcross": "osxcross",
        "rust-overlay": "rust-overlay"
      },
      "locked": {
        "lastModified": 1776158156,
        "narHash": "sha256-U3KH5VZMon3xBI846X6uS2KNS2k+0TOS64bcUoYmPKs=",
        "ref": "refs/heads/main",
        "rev": "70ff3684f6145643a20966f32fb31956a9214b1b",
        "revCount": 6,
        "type": "git",
        "url": "https://codeberg.org/caniko/rs-harbor.git"
      },
      "original": {
        "type": "git",
        "url": "https://codeberg.org/caniko/rs-harbor.git"
      }
    },
    "rust-overlay": {
      "inputs": {
        "nixpkgs": [
          "rs-harbor",
          "nixpkgs"
        ]
      },
      "locked": {
        "lastModified": 1774062094,
        "narHash": "sha256-ba3c+hS7KzEiwtZRGHagIAYdcmdY3rCSWVCyn64rx7s=",
        "owner": "oxalica",
        "repo": "rust-overlay",
        "rev": "c807e83cc2e32adc35f51138b3bdef722c0812ab",
        "type": "github"
      },
      "original": {
        "owner": "oxalica",
        "repo": "rust-overlay",
        "type": "github"
      }
    },
    "systems": {
      "locked": {
        "lastModified": 1681028828,
        "narHash": "sha256-Vy1rq5AaRuLzOxct8nz4T6wlgyUR7zLU309k9mBC768=",
        "owner": "nix-systems",
        "repo": "default",
        "rev": "da67096a3b9bf56a91d16901293e51ba5b49a27e",
        "type": "github"
      },
      "original": {
        "owner": "nix-systems",
        "repo": "default",
        "type": "github"
      }
    },
    "systems_2": {
      "locked": {
        "lastModified": 1681028828,
        "narHash": "sha256-Vy1rq5AaRuLzOxct8nz4T6wlgyUR7zLU309k9mBC768=",
        "owner": "nix-systems",
        "repo": "default",
        "rev": "da67096a3b9bf56a91d16901293e51ba5b49a27e",
        "type": "github"
      },
      "original": {
        "owner": "nix-systems",
        "repo": "default",
        "type": "github"
      }
    },
    "systems_3": {
      "locked": {
        "lastModified": 1681028828,
        "narHash": "sha256-Vy1rq5AaRuLzOxct8nz4T6wlgyUR7zLU309k9mBC768=",
        "owner": "nix-systems",
        "repo": "default",
        "rev": "da67096a3b9bf56a91d16901293e51ba5b49a27e",
        "type": "github"
      },
      "original": {
        "owner": "nix-systems",
        "repo": "default",
        "type": "github"
      }
    }
  },
  "root": "root",
  "version": 7
}
